
Microsoft Visual Studio Solution File, Format Version 12.00
# Visual Studio Version 16
VisualStudioVersion = 16.0.32510.428
MinimumVisualStudioVersion = 10.0.40219.1
Project("{FAE04EC0-301F-11D3-BF4B-00C04F79EFBC}") = "App_Luta", "App_Luta\App_Luta.csproj", "{CBAA2970-519F-49DB-9072-28BACFD9FC6F}"
EndProject
Global
	GlobalSection(SolutionConfigurationPlatforms) = preSolution
		Debug|Any CPU = Debug|Any CPU
		Release|Any CPU = Release|Any CPU
	EndGlobalSection
	GlobalSection(ProjectConfigurationPlatforms) = postSolution
		{CBAA2970-519F-49DB-9072-28BACFD9FC6F}.Debug|Any CPU.ActiveCfg = Debug|Any CPU
		{CBAA2970-519F-49DB-9072-28BACFD9FC6F}.Debug|Any CPU.Build.0 = Debug|Any CPU
		{CBAA2970-519F-49DB-9072-28BACFD9FC6F}.Release|Any CPU.ActiveCfg = Release|Any CPU
		{CBAA2970-519F-49DB-9072-28BACFD9FC6F}.Release|Any CPU.Build.0 = Release|Any CPU
	EndGlobalSection
	GlobalSection(SolutionProperties) = preSolution
		HideSolutionNode = FALSE
	EndGlobalSection
	GlobalSection(ExtensibilityGlobals) = postSolution
		SolutionGuid = {31516DC8-B398-4CBE-8756-59FE0A3E5234}
	EndGlobalSection
EndGlobal
